PODS:
  - app_tracking_transparency (0.0.1):
    - Flutter
  - emoji_picker_flutter (0.0.1):
    - Flutter
  - Flutter (1.0.0)
  - flutter_localization (0.0.1):
    - Flutter
  - flutter_native_splash (2.4.3):
    - Flutter
  - flutter_udid (0.0.1):
    - Flutter
    - KeychainAccess
  - KeychainAccess (4.2.2)
  - purchases_flutter (9.16.1):
    - Flutter
    - PurchasesHybridCommon (= 17.55.1)
  - purchases_ui_flutter (9.16.1):
    - Flutter
    - PurchasesHybridCommonUI (= 17.55.1)
  - PurchasesHybridCommon (17.55.1):
    - RevenueCat (= 5.67.1)
  - PurchasesHybridCommonUI (17.55.1):
    - PurchasesHybridCommon (= 17.55.1)
    - RevenueCatUI (= 5.67.1)
  - RevenueCat (5.67.1)
  - RevenueCatUI (5.67.1):
    - RevenueCat (= 5.67.1)
  - shared_preferences_foundation (0.0.1):
    - Flutter
    - FlutterMacOS
  - sqflite_darwin (0.0.4):
    - Flutter
    - FlutterMacOS
  - url_launcher_ios (0.0.1):
    - Flutter

DEPENDENCIES:
  - app_tracking_transparency (from `.symlinks/plugins/app_tracking_transparency/ios`)
  - emoji_picker_flutter (from `.symlinks/plugins/emoji_picker_flutter/ios`)
  - Flutter (from `Flutter`)
  - flutter_localization (from `.symlinks/plugins/flutter_localization/ios`)
  - flutter_native_splash (from `.symlinks/plugins/flutter_native_splash/ios`)
  - flutter_udid (from `.symlinks/plugins/flutter_udid/ios`)
  - purchases_flutter (from `.symlinks/plugins/purchases_flutter/ios`)
  - purchases_ui_flutter (from `.symlinks/plugins/purchases_ui_flutter/ios`)
  - shared_preferences_foundation (from `.symlinks/plugins/shared_preferences_foundation/darwin`)
  - sqflite_darwin (from `.symlinks/plugins/sqflite_darwin/darwin`)
  - url_launcher_ios (from `.symlinks/plugins/url_launcher_ios/ios`)

SPEC REPOS:
  trunk:
    - KeychainAccess
    - PurchasesHybridCommon
    - PurchasesHybridCommonUI
    - RevenueCat
    - RevenueCatUI

EXTERNAL SOURCES:
  app_tracking_transparency:
    :path: ".symlinks/plugins/app_tracking_transparency/ios"
  emoji_picker_flutter:
    :path: ".symlinks/plugins/emoji_picker_flutter/ios"
  Flutter:
    :path: Flutter
  flutter_localization:
    :path: ".symlinks/plugins/flutter_localization/ios"
  flutter_native_splash:
    :path: ".symlinks/plugins/flutter_native_splash/ios"
  flutter_udid:
    :path: ".symlinks/plugins/flutter_udid/ios"
  purchases_flutter:
    :path: ".symlinks/plugins/purchases_flutter/ios"
  purchases_ui_flutter:
    :path: ".symlinks/plugins/purchases_ui_flutter/ios"
  shared_preferences_foundation:
    :path: ".symlinks/plugins/shared_preferences_foundation/darwin"
  sqflite_darwin:
    :path: ".symlinks/plugins/sqflite_darwin/darwin"
  url_launcher_ios:
    :path: ".symlinks/plugins/url_launcher_ios/ios"

SPEC CHECKSUMS:
  app_tracking_transparency: 3d84f147f67ca82d3c15355c36b1fa6b66ca7c92
  emoji_picker_flutter: ece213fc274bdddefb77d502d33080dc54e616cc
  Flutter: cabc95a1d2626b1b06e7179b784ebcf0c0cde467
  flutter_localization: 72299fb6cb4e51cae587bd953ed0b958040b71e6
  flutter_native_splash: c32d145d68aeda5502d5f543ee38c192065986cf
  flutter_udid: 92a5d31fe0526b7b6002a2318df702e12e7eb300
  KeychainAccess: c0c4f7f38f6fc7bbe58f5702e25f7bd2f65abf51
  purchases_flutter: b44fcb4ff5e68a4dfe53fd0c339683803b04dd2c
  purchases_ui_flutter: 64afab2a2adc79a73ed5ca77f416c8d360a12734
  PurchasesHybridCommon: ecd9d7c586287625f1225b8de5e24c1021502270
  PurchasesHybridCommonUI: 3056a3d261529f6adb8f74ecc3ab7f1cc0d3fab4
  RevenueCat: 9357239a9f0978285e68983637b8a602e65c94f0
  RevenueCatUI: 6f9291da540f98baf405b5bdfc46b2d5547b704a
  shared_preferences_foundation: 7036424c3d8ec98dfe75ff1667cb0cd531ec82bb
  sqflite_darwin: 20b2a3a3b70e43edae938624ce550a3cbf66a3d0
  url_launcher_ios: 7a95fa5b60cc718a708b8f2966718e93db0cef1b

PODFILE CHECKSUM: 3c63482e143d1b91d2d2560aee9fb04ecc74ac7e

COCOAPODS: 1.16.2
